
Microsoft Visual Studio Solution File, Format Version 12.00
# Visual Studio 15
VisualStudioVersion = 15.0.26730.16
MinimumVisualStudioVersion = 10.0.40219.1
Project("{8BC9CEB8-8B4A-11D0-8D11-00A0C91BC942}") = "Pong", "Pong.vcxproj", "{FEB86392-3B90-4B09-999A-0483A7016805}"
EndProject
Global
	GlobalSection(SolutionConfigurationPlatforms) = preSolution
		Debug|x64 = Debug|x64
		Debug|x86 = Debug|x86
		Release|x64 = Release|x64
		Release|x86 = Release|x86
	EndGlobalSection
	GlobalSection(ProjectConfigurationPlatforms) = postSolution
		{FEB86392-3B90-4B09-999A-0483A7016805}.Debug|x64.ActiveCfg = Debug|x64
		{FEB86392-3B90-4B09-999A-0483A7016805}.Debug|x64.Build.0 = Debug|x64
		{FEB86392-3B90-4B09-999A-0483A7016805}.Debug|x86.ActiveCfg = Debug|Win32
		{FEB86392-3B90-4B09-999A-0483A7016805}.Debug|x86.Build.0 = Debug|Win32
		{FEB86392-3B90-4B09-999A-0483A7016805}.Release|x64.ActiveCfg = Release|x64
		{FEB86392-3B90-4B09-999A-0483A7016805}.Release|x64.Build.0 = Release|x64
		{FEB86392-3B90-4B09-999A-0483A7016805}.Release|x86.ActiveCfg = Release|Win32
		{FEB86392-3B90-4B09-999A-0483A7016805}.Release|x86.Build.0 = Release|Win32
	EndGlobalSection
	GlobalSection(SolutionProperties) = preSolution
		HideSolutionNode = FALSE
	EndGlobalSection
	GlobalSection(ExtensibilityGlobals) = postSolution
		SolutionGuid = {73136385-7D5A-4547-8F3B-CB4D321E4AA5}
	EndGlobalSection
EndGlobal
